
Microsoft Visual Studio Solution File, Format Version 12.00
# Visual Studio Version 18
VisualStudioVersion = 18.1.11312.151 d18.0
MinimumVisualStudioVersion = 10.0.40219.1
Project("{FAE04EC0-301F-11D3-BF4B-00C04F79EFBC}") = "SolitaireUno", "SolitaireUno.csproj", "{7239F9FB-D34E-4206-A241-1FCA02C30350}"
EndProject
Project("{FAE04EC0-301F-11D3-BF4B-00C04F79EFBC}") = "SolitaireUno.Tests", "..\SolitaireUno.Tests\SolitaireUno.Tests.csproj", "{8C9F09E8-1F41-45CA-A6DF-B540D6287A3B}"
EndProject
Global
	GlobalSection(SolutionConfigurationPlatforms) = preSolution
		Debug|Any CPU = Debug|Any CPU
		Release|Any CPU = Release|Any CPU
	EndGlobalSection
	GlobalSection(ProjectConfigurationPlatforms) = postSolution
		{7239F9FB-D34E-4206-A241-1FCA02C30350}.Debug|Any CPU.ActiveCfg = Debug|Any CPU
		{7239F9FB-D34E-4206-A241-1FCA02C30350}.Debug|Any CPU.Build.0 = Debug|Any CPU
		{7239F9FB-D34E-4206-A241-1FCA02C30350}.Release|Any CPU.ActiveCfg = Release|Any CPU
		{7239F9FB-D34E-4206-A241-1FCA02C30350}.Release|Any CPU.Build.0 = Release|Any CPU
		{8C9F09E8-1F41-45CA-A6DF-B540D6287A3B}.Debug|Any CPU.ActiveCfg = Debug|Any CPU
		{8C9F09E8-1F41-45CA-A6DF-B540D6287A3B}.Debug|Any CPU.Build.0 = Debug|Any CPU
		{8C9F09E8-1F41-45CA-A6DF-B540D6287A3B}.Release|Any CPU.ActiveCfg = Release|Any CPU
		{8C9F09E8-1F41-45CA-A6DF-B540D6287A3B}.Release|Any CPU.Build.0 = Release|Any CPU
	EndGlobalSection
	GlobalSection(SolutionProperties) = preSolution
		HideSolutionNode = FALSE
	EndGlobalSection
	GlobalSection(ExtensibilityGlobals) = postSolution
		SolutionGuid = {B2912790-93F8-483D-BD99-909987AF772F}
	EndGlobalSection
EndGlobal
